// !$*UTF8*$!
{
	archiveVersion = 1;
	classes = {
	};
	objectVersion = 56;
	objects = {

/* Begin PBXBuildFile section */
		D8222D272BB02E080085B611 /* CountersView.swift in Sources */ = {isa = PBXBuildFile; fileRef = D8222D262BB02E080085B611 /* CountersView.swift */; };
		D8C9C2D42BAC4DFF00DA36CE /* Who_Is_The_BestApp.swift in Sources */ = {isa = PBXBuildFile; fileRef = D8C9C2D32BAC4DFF00DA36CE /* Who_Is_The_BestApp.swift */; };
		D8C9C2DA2BAC4E0000DA36CE /* Assets.xcassets in Resources */ = {isa = PBXBuildFile; fileRef = D8C9C2D92BAC4E0000DA36CE /* Assets.xcassets */; };
		D8C9C2DD2BAC4E0000DA36CE /* Preview Assets.xcassets in Resources */ = {isa = PBXBuildFile; fileRef = D8C9C2DC2BAC4E0000DA36CE /* Preview Assets.xcassets */; };
		D8C9C2E72BAC4E0000DA36CE /* Who_Is_The_BestTests.swift in Sources */ = {isa = PBXBuildFile; fileRef = D8C9C2E62BAC4E0000DA36CE /* Who_Is_The_BestTests.swift */; };
		D8C9C2F12BAC4E0000DA36CE /* Who_Is_The_BestUITests.swift in Sources */ = {isa = PBXBuildFile; fileRef = D8C9C2F02BAC4E0000DA36CE /* Who_Is_The_BestUITests.swift */; };
		D8C9C2F32BAC4E0000DA36CE /* Who_Is_The_BestUITestsLaunchTests.swift in Sources */ = {isa = PBXBuildFile; fileRef = D8C9C2F22BAC4E0000DA36CE /* Who_Is_The_BestUITestsLaunchTests.swift */; };
		D8FC97A02BB038810043913A /* CounterCardView.swift in Sources */ = {isa = PBXBuildFile; fileRef = D8FC979F2BB038810043913A /* CounterCardView.swift */; };
		D8FC97A22BB176A30043913A /* Counter.swift in Sources */ = {isa = PBXBuildFile; fileRef = D8FC97A12BB176A30043913A /* Counter.swift */; };
		D8FC97A42BB177FD0043913A /* CounterType.swift in Sources */ = {isa = PBXBuildFile; fileRef = D8FC97A32BB177FD0043913A /* CounterType.swift */; };
		D8FC97A62BB178F10043913A /* CounterHistory.swift in Sources */ = {isa = PBXBuildFile; fileRef = D8FC97A52BB178F10043913A /* CounterHistory.swift */; };
/* End PBXBuildFile section */

/* Begin PBXContainerItemProxy section */
		D8C9C2E32BAC4E0000DA36CE /* PBXContainerItemProxy */ = {
			isa = PBXContainerItemProxy;
			containerPortal = D8C9C2C82BAC4DFF00DA36CE /* Project object */;
			proxyType = 1;
			remoteGlobalIDString = D8C9C2CF2BAC4DFF00DA36CE;
			remoteInfo = "Who Is The Best";
		};
		D8C9C2ED2BAC4E0000DA36CE /* PBXContainerItemProxy */ = {
			isa = PBXContainerItemProxy;
			containerPortal = D8C9C2C82BAC4DFF00DA36CE /* Project object */;
			proxyType = 1;
			remoteGlobalIDString = D8C9C2CF2BAC4DFF00DA36CE;
			remoteInfo = "Who Is The Best";
		};
/* End PBXContainerItemProxy section */

/* Begin PBXFileReference section */
		D8222D262BB02E080085B611 /* CountersView.swift */ = {isa = PBXFileReference; lastKnownFileType = sourcecode.swift; path = CountersView.swift; sourceTree = "<group>"; };
		D8C9C2D02BAC4DFF00DA36CE /* Who Is The Best.app */ = {isa = PBXFileReference; explicitFileType = wrapper.application; includeInIndex = 0; path = "Who Is The Best.app"; sourceTree = BUILT_PRODUCTS_DIR; };
		D8C9C2D32BAC4DFF00DA36CE /* Who_Is_The_BestApp.swift */ = {isa = PBXFileReference; lastKnownFileType = sourcecode.swift; path = Who_Is_The_BestApp.swift; sourceTree = "<group>"; };
		D8C9C2D92BAC4E0000DA36CE /* Assets.xcassets */ = {isa = PBXFileReference; lastKnownFileType = folder.assetcatalog; path = Assets.xcassets; sourceTree = "<group>"; };
		D8C9C2DC2BAC4E0000DA36CE /* Preview Assets.xcassets */ = {isa = PBXFileReference; lastKnownFileType = folder.assetcatalog; path = "Preview Assets.xcassets"; sourceTree = "<group>"; };
		D8C9C2E22BAC4E0000DA36CE /* Who Is The BestTests.xctest */ = {isa = PBXFileReference; explicitFileType = wrapper.cfbundle; includeInIndex = 0; path = "Who Is The BestTests.xctest"; sourceTree = BUILT_PRODUCTS_DIR; };
		D8C9C2E62BAC4E0000DA36CE /* Who_Is_The_BestTests.swift */ = {isa = PBXFileReference; lastKnownFileType = sourcecode.swift; path = Who_Is_The_BestTests.swift; sourceTree = "<group>"; };
		D8C9C2EC2BAC4E0000DA36CE /* Who Is The BestUITests.xctest */ = {isa = PBXFileReference; explicitFileType = wrapper.cfbundle; includeInIndex = 0; path = "Who Is The BestUITests.xctest"; sourceTree = BUILT_PRODUCTS_DIR; };
		D8C9C2F02BAC4E0000DA36CE /* Who_Is_The_BestUITests.swift */ = {isa = PBXFileReference; lastKnownFileType = sourcecode.swift; path = Who_Is_The_BestUITests.swift; sourceTree = "<group>"; };
		D8C9C2F22BAC4E0000DA36CE /* Who_Is_The_BestUITestsLaunchTests.swift */ = {isa = PBXFileReference; lastKnownFileType = sourcecode.swift; path = Who_Is_The_BestUITestsLaunchTests.swift; sourceTree = "<group>"; };
		D8FC979F2BB038810043913A /* CounterCardView.swift */ = {isa = PBXFileReference; lastKnownFileType = sourcecode.swift; path = CounterCardView.swift; sourceTree = "<group>"; };
		D8FC97A12BB176A30043913A /* Counter.swift */ = {isa = PBXFileReference; lastKnownFileType = sourcecode.swift; path = Counter.swift; sourceTree = "<group>"; };
		D8FC97A32BB177FD0043913A /* CounterType.swift */ = {isa = PBXFileReference; lastKnownFileType = sourcecode.swift; path = CounterType.swift; sourceTree = "<group>"; };
		D8FC97A52BB178F10043913A /* CounterHistory.swift */ = {isa = PBXFileReference; lastKnownFileType = sourcecode.swift; path = CounterHistory.swift; sourceTree = "<group>"; };
/* End PBXFileReference section */

/* Begin PBXFrameworksBuildPhase section */
		D8C9C2CD2BAC4DFF00DA36CE /* Frameworks */ = {
			isa = PBXFrameworksBuildPhase;
			buildActionMask = 2147483647;
			files = (
			);
			runOnlyForDeploymentPostprocessing = 0;
		};
		D8C9C2DF2BAC4E0000DA36CE /* Frameworks */ = {
			isa = PBXFrameworksBuildPhase;
			buildActionMask = 2147483647;
			files = (
			);
			runOnlyForDeploymentPostprocessing = 0;
		};
		D8C9C2E92BAC4E0000DA36CE /* Frameworks */ = {
			isa = PBXFrameworksBuildPhase;
			buildActionMask = 2147483647;
			files = (
			);
			runOnlyForDeploymentPostprocessing = 0;
		};
/* End PBXFrameworksBuildPhase section */

/* Begin PBXGroup section */
		D8222D242BB025820085B611 /* Views */ = {
			isa = PBXGroup;
			children = (
				D8222D262BB02E080085B611 /* CountersView.swift */,
				D8FC979F2BB038810043913A /* CounterCardView.swift */,
			);
			path = Views;
			sourceTree = "<group>";
		};
		D8222D252BB025B00085B611 /* Models */ = {
			isa = PBXGroup;
			children = (
				D8FC97A12BB176A30043913A /* Counter.swift */,
				D8FC97A32BB177FD0043913A /* CounterType.swift */,
				D8FC97A52BB178F10043913A /* CounterHistory.swift */,
			);
			path = Models;
			sourceTree = "<group>";
		};
		D8C9C2C72BAC4DFF00DA36CE = {
			isa = PBXGroup;
			children = (
				D8C9C2D22BAC4DFF00DA36CE /* Who Is The Best */,
				D8C9C2E52BAC4E0000DA36CE /* Who Is The BestTests */,
				D8C9C2EF2BAC4E0000DA36CE /* Who Is The BestUITests */,
				D8C9C2D12BAC4DFF00DA36CE /* Products */,
			);
			sourceTree = "<group>";
		};
		D8C9C2D12BAC4DFF00DA36CE /* Products */ = {
			isa = PBXGroup;
			children = (
				D8C9C2D02BAC4DFF00DA36CE /* Who Is The Best.app */,
				D8C9C2E22BAC4E0000DA36CE /* Who Is The BestTests.xctest */,
				D8C9C2EC2BAC4E0000DA36CE /* Who Is The BestUITests.xctest */,
			);
			name = Products;
			sourceTree = "<group>";
		};
		D8C9C2D22BAC4DFF00DA36CE /* Who Is The Best */ = {
			isa = PBXGroup;
			children = (
				D8222D252BB025B00085B611 /* Models */,
				D8222D242BB025820085B611 /* Views */,
				D8C9C2D32BAC4DFF00DA36CE /* Who_Is_The_BestApp.swift */,
				D8C9C2D92BAC4E0000DA36CE /* Assets.xcassets */,
				D8C9C2DB2BAC4E0000DA36CE /* Preview Content */,
			);
			path = "Who Is The Best";
			sourceTree = "<group>";
		};
		D8C9C2DB2BAC4E0000DA36CE /* Preview Content */ = {
			isa = PBXGroup;
			children = (
				D8C9C2DC2BAC4E0000DA36CE /* Preview Assets.xcassets */,
			);
			path = "Preview Content";
			sourceTree = "<group>";
		};
		D8C9C2E52BAC4E0000DA36CE /* Who Is The BestTests */ = {
			isa = PBXGroup;
			children = (
				D8C9C2E62BAC4E0000DA36CE /* Who_Is_The_BestTests.swift */,
			);
			path = "Who Is The BestTests";
			sourceTree = "<group>";
		};
		D8C9C2EF2BAC4E0000DA36CE /* Who Is The BestUITests */ = {
			isa = PBXGroup;
			children = (
				D8C9C2F02BAC4E0000DA36CE /* Who_Is_The_BestUITests.swift */,
				D8C9C2F22BAC4E0000DA36CE /* Who_Is_The_BestUITestsLaunchTests.swift */,
			);
			path = "Who Is The BestUITests";
			sourceTree = "<group>";
		};
/* End PBXGroup section */

/* Begin PBXNativeTarget section */
		D8C9C2CF2BAC4DFF00DA36CE /* Who Is The Best */ = {
			isa = PBXNativeTarget;
			buildConfigurationList = D8C9C2F62BAC4E0000DA36CE /* Build configuration list for PBXNativeTarget "Who Is The Best" */;
			buildPhases = (
				D8C9C2CC2BAC4DFF00DA36CE /* Sources */,
				D8C9C2CD2BAC4DFF00DA36CE /* Frameworks */,
				D8C9C2CE2BAC4DFF00DA36CE /* Resources */,
			);
			buildRules = (
			);
			dependencies = (
			);
			name = "Who Is The Best";
			productName = "Who Is The Best";
			productReference = D8C9C2D02BAC4DFF00DA36CE /* Who Is The Best.app */;
			productType = "com.apple.product-type.application";
		};
		D8C9C2E12BAC4E0000DA36CE /* Who Is The BestTests */ = {
			isa = PBXNativeTarget;
			buildConfigurationList = D8C9C2F92BAC4E0000DA36CE /* Build configuration list for PBXNativeTarget "Who Is The BestTests" */;
			buildPhases = (
				D8C9C2DE2BAC4E0000DA36CE /* Sources */,
				D8C9C2DF2BAC4E0000DA36CE /* Frameworks */,
				D8C9C2E02BAC4E0000DA36CE /* Resources */,
			);
			buildRules = (
			);
			dependencies = (
				D8C9C2E42BAC4E0000DA36CE /* PBXTargetDependency */,
			);
			name = "Who Is The BestTests";
			productName = "Who Is The BestTests";
			productReference = D8C9C2E22BAC4E0000DA36CE /* Who Is The BestTests.xctest */;
			productType = "com.apple.product-type.bundle.unit-test";
		};
		D8C9C2EB2BAC4E0000DA36CE /* Who Is The BestUITests */ = {
			isa = PBXNativeTarget;
			buildConfigurationList = D8C9C2FC2BAC4E0000DA36CE /* Build configuration list for PBXNativeTarget "Who Is The BestUITests" */;
			buildPhases = (
				D8C9C2E82BAC4E0000DA36CE /* Sources */,
				D8C9C2E92BAC4E0000DA36CE /* Frameworks */,
				D8C9C2EA2BAC4E0000DA36CE /* Resources */,
			);
			buildRules = (
			);
			dependencies = (
				D8C9C2EE2BAC4E0000DA36CE /* PBXTargetDependency */,
			);
			name = "Who Is The BestUITests";
			productName = "Who Is The BestUITests";
			productReference = D8C9C2EC2BAC4E0000DA36CE /* Who Is The BestUITests.xctest */;
			productType = "com.apple.product-type.bundle.ui-testing";
		};
/* End PBXNativeTarget section */

/* Begin PBXProject section */
		D8C9C2C82BAC4DFF00DA36CE /* Project object */ = {
			isa = PBXProject;
			attributes = {
				BuildIndependentTargetsInParallel = 1;
				LastSwiftUpdateCheck = 1530;
				LastUpgradeCheck = 1530;
				TargetAttributes = {
					D8C9C2CF2BAC4DFF00DA36CE = {
						CreatedOnToolsVersion = 15.3;
					};
					D8C9C2E12BAC4E0000DA36CE = {
						CreatedOnToolsVersion = 15.3;
						TestTargetID = D8C9C2CF2BAC4DFF00DA36CE;
					};
					D8C9C2EB2BAC4E0000DA36CE = {
						CreatedOnToolsVersion = 15.3;
						TestTargetID = D8C9C2CF2BAC4DFF00DA36CE;
					};
				};
			};
			buildConfigurationList = D8C9C2CB2BAC4DFF00DA36CE /* Build configuration list for PBXProject "Who Is The Best" */;
			compatibilityVersion = "Xcode 14.0";
			developmentRegion = en;
			hasScannedForEncodings = 0;
			knownRegions = (
				en,
				Base,
			);
			mainGroup = D8C9C2C72BAC4DFF00DA36CE;
			productRefGroup = D8C9C2D12BAC4DFF00DA36CE /* Products */;
			projectDirPath = "";
			projectRoot = "";
			targets = (
				D8C9C2CF2BAC4DFF00DA36CE /* Who Is The Best */,
				D8C9C2E12BAC4E0000DA36CE /* Who Is The BestTests */,
				D8C9C2EB2BAC4E0000DA36CE /* Who Is The BestUITests */,
			);
		};
/* End PBXProject section */

/* Begin PBXResourcesBuildPhase section */
		D8C9C2CE2BAC4DFF00DA36CE /* Resources */ = {
			isa = PBXResourcesBuildPhase;
			buildActionMask = 2147483647;
			files = (
				D8C9C2DD2BAC4E0000DA36CE /* Preview Assets.xcassets in Resources */,
				D8C9C2DA2BAC4E0000DA36CE /* Assets.xcassets in Resources */,
			);
			runOnlyForDeploymentPostprocessing = 0;
		};
		D8C9C2E02BAC4E0000DA36CE /* Resources */ = {
			isa = PBXResourcesBuildPhase;
			buildActionMask = 2147483647;
			files = (
			);
			runOnlyForDeploymentPostprocessing = 0;
		};
		D8C9C2EA2BAC4E0000DA36CE /* Resources */ = {
			isa = PBXResourcesBuildPhase;
			buildActionMask = 2147483647;
			files = (
			);
			runOnlyForDeploymentPostprocessing = 0;
		};
/* End PBXResourcesBuildPhase section */

/* Begin PBXSourcesBuildPhase section */
		D8C9C2CC2BAC4DFF00DA36CE /* Sources */ = {
			isa = PBXSourcesBuildPhase;
			buildActionMask = 2147483647;
			files = (
				D8FC97A22BB176A30043913A /* Counter.swift in Sources */,
				D8222D272BB02E080085B611 /* CountersView.swift in Sources */,
				D8C9C2D42BAC4DFF00DA36CE /* Who_Is_The_BestApp.swift in Sources */,
				D8FC97A42BB177FD0043913A /* CounterType.swift in Sources */,
				D8FC97A02BB038810043913A /* CounterCardView.swift in Sources */,
				D8FC97A62BB178F10043913A /* CounterHistory.swift in Sources */,
			);
			runOnlyForDeploymentPostprocessing = 0;
		};
		D8C9C2DE2BAC4E0000DA36CE /* Sources */ = {
			isa = PBXSourcesBuildPhase;
			buildActionMask = 2147483647;
			files = (
				D8C9C2E72BAC4E0000DA36CE /* Who_Is_The_BestTests.swift in Sources */,
			);
			runOnlyForDeploymentPostprocessing = 0;
		};
		D8C9C2E82BAC4E0000DA36CE /* Sources */ = {
			isa = PBXSourcesBuildPhase;
			buildActionMask = 2147483647;
			files = (
				D8C9C2F12BAC4E0000DA36CE /* Who_Is_The_BestUITests.swift in Sources */,
				D8C9C2F32BAC4E0000DA36CE /* Who_Is_The_BestUITestsLaunchTests.swift in Sources */,
			);
			runOnlyForDeploymentPostprocessing = 0;
		};
/* End PBXSourcesBuildPhase section */

/* Begin PBXTargetDependency section */
		D8C9C2E42BAC4E0000DA36CE /* PBXTargetDependency */ = {
			isa = PBXTargetDependency;
			target = D8C9C2CF2BAC4DFF00DA36CE /* Who Is The Best */;
			targetProxy = D8C9C2E32BAC4E0000DA36CE /* PBXContainerItemProxy */;
		};
		D8C9C2EE2BAC4E0000DA36CE /* PBXTargetDependency */ = {
			isa = PBXTargetDependency;
			target = D8C9C2CF2BAC4DFF00DA36CE /* Who Is The Best */;
			targetProxy = D8C9C2ED2BAC4E0000DA36CE /* PBXContainerItemProxy */;
		};
/* End PBXTargetDependency section */

/* Begin XCBuildConfiguration section */
		D8C9C2F42BAC4E0000DA36CE /* Debug */ = {
			isa = XCBuildConfiguration;
			buildSettings = {
				ALWAYS_SEARCH_USER_PATHS = NO;
				ASSETCATALOG_COMPILER_GENERATE_SWIFT_ASSET_SYMBOL_EXTENSIONS = YES;
				CLANG_ANALYZER_NONNULL = YES;
				CLANG_ANALYZER_NUMBER_OBJECT_CONVERSION = YES_AGGRESSIVE;
				CLANG_CXX_LANGUAGE_STANDARD = "gnu++20";
				CLANG_ENABLE_MODULES = YES;
				CLANG_ENABLE_OBJC_ARC = YES;
				CLANG_ENABLE_OBJC_WEAK = YES;
				CLANG_WARN_BLOCK_CAPTURE_AUTORELEASING = YES;
				CLANG_WARN_BOOL_CONVERSION = YES;
				CLANG_WARN_COMMA = YES;
				CLANG_WARN_CONSTANT_CONVERSION = YES;
				CLANG_WARN_DEPRECATED_OBJC_IMPLEMENTATIONS = YES;
				CLANG_WARN_DIRECT_OBJC_ISA_USAGE = YES_ERROR;
				CLANG_WARN_DOCUMENTATION_COMMENTS = YES;
				CLANG_WARN_EMPTY_BODY = YES;
				CLANG_WARN_ENUM_CONVERSION = YES;
				CLANG_WARN_INFINITE_RECURSION = YES;
				CLANG_WARN_INT_CONVERSION = YES;
				CLANG_WARN_NON_LITERAL_NULL_CONVERSION = YES;
				CLANG_WARN_OBJC_IMPLICIT_RETAIN_SELF = YES;
				CLANG_WARN_OBJC_LITERAL_CONVERSION = YES;
				CLANG_WARN_OBJC_ROOT_CLASS = YES_ERROR;
				CLANG_WARN_QUOTED_INCLUDE_IN_FRAMEWORK_HEADER = YES;
				CLANG_WARN_RANGE_LOOP_ANALYSIS = YES;
				CLANG_WARN_STRICT_PROTOTYPES = YES;
				CLANG_WARN_SUSPICIOUS_MOVE = YES;
				CLANG_WARN_UNGUARDED_AVAILABILITY = YES_AGGRESSIVE;
				CLANG_WARN_UNREACHABLE_CODE = YES;
				CLANG_WARN__DUPLICATE_METHOD_MATCH = YES;
				COPY_PHASE_STRIP = NO;
				DEBUG_INFORMATION_FORMAT = dwarf;
				ENABLE_STRICT_OBJC_MSGSEND = YES;
				ENABLE_TESTABILITY = YES;
				ENABLE_USER_SCRIPT_SANDBOXING = YES;
				GCC_C_LANGUAGE_STANDARD = gnu17;
				GCC_DYNAMIC_NO_PIC = NO;
				GCC_NO_COMMON_BLOCKS = YES;
				GCC_OPTIMIZATION_LEVEL = 0;
				GCC_PREPROCESSOR_DEFINITIONS = (
					"DEBUG=1",
					"$(inherited)",
				);
				GCC_WARN_64_TO_32_BIT_CONVERSION = YES;
				GCC_WARN_ABOUT_RETURN_TYPE = YES_ERROR;
				GCC_WARN_UNDECLARED_SELECTOR = YES;
				GCC_WARN_UNINITIALIZED_AUTOS = YES_AGGRESSIVE;
				GCC_WARN_UNUSED_FUNCTION = YES;
				GCC_WARN_UNUSED_VARIABLE = YES;
				IPHONEOS_DEPLOYMENT_TARGET = 17.4;
				LOCALIZATION_PREFERS_STRING_CATALOGS = YES;
				MTL_ENABLE_DEBUG_INFO = INCLUDE_SOURCE;
				MTL_FAST_MATH = YES;
				ONLY_ACTIVE_ARCH = YES;
				SDKROOT = iphoneos;
				SWIFT_ACTIVE_COMPILATION_CONDITIONS = "DEBUG $(inherited)";
				SWIFT_OPTIMIZATION_LEVEL = "-Onone";
			};
			name = Debug;
		};
		D8C9C2F52BAC4E0000DA36CE /* Release */ = {
			isa = XCBuildConfiguration;
			buildSettings = {
				ALWAYS_SEARCH_USER_PATHS = NO;
				ASSETCATALOG_COMPILER_GENERATE_SWIFT_ASSET_SYMBOL_EXTENSIONS = YES;
				CLANG_ANALYZER_NONNULL = YES;
				CLANG_ANALYZER_NUMBER_OBJECT_CONVERSION = YES_AGGRESSIVE;
				CLANG_CXX_LANGUAGE_STANDARD = "gnu++20";
				CLANG_ENABLE_MODULES = YES;
				CLANG_ENABLE_OBJC_ARC = YES;
				CLANG_ENABLE_OBJC_WEAK = YES;
				CLANG_WARN_BLOCK_CAPTURE_AUTORELEASING = YES;
				CLANG_WARN_BOOL_CONVERSION = YES;
				CLANG_WARN_COMMA = YES;
				CLANG_WARN_CONSTANT_CONVERSION = YES;
				CLANG_WARN_DEPRECATED_OBJC_IMPLEMENTATIONS = YES;
				CLANG_WARN_DIRECT_OBJC_ISA_USAGE = YES_ERROR;
				CLANG_WARN_DOCUMENTATION_COMMENTS = YES;
				CLANG_WARN_EMPTY_BODY = YES;
				CLANG_WARN_ENUM_CONVERSION = YES;
				CLANG_WARN_INFINITE_RECURSION = YES;
				CLANG_WARN_INT_CONVERSION = YES;
				CLANG_WARN_NON_LITERAL_NULL_CONVERSION = YES;
				CLANG_WARN_OBJC_IMPLICIT_RETAIN_SELF = YES;
				CLANG_WARN_OBJC_LITERAL_CONVERSION = YES;
				CLANG_WARN_OBJC_ROOT_CLASS = YES_ERROR;
				CLANG_WARN_QUOTED_INCLUDE_IN_FRAMEWORK_HEADER = YES;
				CLANG_WARN_RANGE_LOOP_ANALYSIS = YES;
				CLANG_WARN_STRICT_PROTOTYPES = YES;
				CLANG_WARN_SUSPICIOUS_MOVE = YES;
				CLANG_WARN_UNGUARDED_AVAILABILITY = YES_AGGRESSIVE;
				CLANG_WARN_UNREACHABLE_CODE = YES;
				CLANG_WARN__DUPLICATE_METHOD_MATCH = YES;
				COPY_PHASE_STRIP = NO;
				DEBUG_INFORMATION_FORMAT = "dwarf-with-dsym";
				ENABLE_NS_ASSERTIONS = NO;
				ENABLE_STRICT_OBJC_MSGSEND = YES;
				ENABLE_USER_SCRIPT_SANDBOXING = YES;
				GCC_C_LANGUAGE_STANDARD = gnu17;
				GCC_NO_COMMON_BLOCKS = YES;
				GCC_WARN_64_TO_32_BIT_CONVERSION = YES;
				GCC_WARN_ABOUT_RETURN_TYPE = YES_ERROR;
				GCC_WARN_UNDECLARED_SELECTOR = YES;
				GCC_WARN_UNINITIALIZED_AUTOS = YES_AGGRESSIVE;
				GCC_WARN_UNUSED_FUNCTION = YES;
				GCC_WARN_UNUSED_VARIABLE = YES;
				IPHONEOS_DEPLOYMENT_TARGET = 17.4;
				LOCALIZATION_PREFERS_STRING_CATALOGS = YES;
				MTL_ENABLE_DEBUG_INFO = NO;
				MTL_FAST_MATH = YES;
				SDKROOT = iphoneos;
				SWIFT_COMPILATION_MODE = wholemodule;
				VALIDATE_PRODUCT = YES;
			};
			name = Release;
		};
		D8C9C2F72BAC4E0000DA36CE /* Debug */ = {
			isa = XCBuildConfiguration;
			buildSettings = {
				ASSETCATALOG_COMPILER_APPICON_NAME = AppIcon;
				ASSETCATALOG_COMPILER_GLOBAL_ACCENT_COLOR_NAME = AccentColor;
				CODE_SIGN_STYLE = Automatic;
				CURRENT_PROJECT_VERSION = 1;
				DEVELOPMENT_ASSET_PATHS = "\"Who Is The Best/Preview Content\"";
				DEVELOPMENT_TEAM = C37ZU3T6SG;
				ENABLE_PREVIEWS = YES;
				GENERATE_INFOPLIST_FILE = YES;
				INFOPLIST_KEY_UIApplicationSceneManifest_Generation = YES;
				INFOPLIST_KEY_UIApplicationSupportsIndirectInputEvents = YES;
				INFOPLIST_KEY_UILaunchScreen_Generation = YES;
				INFOPLIST_KEY_UISupportedInterfaceOrientations_iPad = "UIInterfaceOrientationPortrait UIInterfaceOrientationPortraitUpsideDown UIInterfaceOrientationLandscapeLeft UIInterfaceOrientationLandscapeRight";
				INFOPLIST_KEY_UISupportedInterfaceOrientations_iPhone = "UIInterfaceOrientationPortrait UIInterfaceOrientationLandscapeLeft UIInterfaceOrientationLandscapeRight";
				LD_RUNPATH_SEARCH_PATHS = (
					"$(inherited)",
					"@executable_path/Frameworks",
				);
				MARKETING_VERSION = 1.0;
				PRODUCT_BUNDLE_IDENTIFIER = "com.example.nrassie.Who-Is-The-Best";
				PRODUCT_NAME = "$(TARGET_NAME)";
				SWIFT_EMIT_LOC_STRINGS = YES;
				SWIFT_VERSION = 5.0;
				TARGETED_DEVICE_FAMILY = "1,2";
			};
			name = Debug;
		};
		D8C9C2F82BAC4E0000DA36CE /* Release */ = {
			isa = XCBuildConfiguration;
			buildSettings = {
				ASSETCATALOG_COMPILER_APPICON_NAME = AppIcon;
				ASSETCATALOG_COMPILER_GLOBAL_ACCENT_COLOR_NAME = AccentColor;
				CODE_SIGN_STYLE = Automatic;
				CURRENT_PROJECT_VERSION = 1;
				DEVELOPMENT_ASSET_PATHS = "\"Who Is The Best/Preview Content\"";
				DEVELOPMENT_TEAM = C37ZU3T6SG;
				ENABLE_PREVIEWS = YES;
				GENERATE_INFOPLIST_FILE = YES;
				INFOPLIST_KEY_UIApplicationSceneManifest_Generation = YES;
				INFOPLIST_KEY_UIApplicationSupportsIndirectInputEvents = YES;
				INFOPLIST_KEY_UILaunchScreen_Generation = YES;
				INFOPLIST_KEY_UISupportedInterfaceOrientations_iPad = "UIInterfaceOrientationPortrait UIInterfaceOrientationPortraitUpsideDown UIInterfaceOrientationLandscapeLeft UIInterfaceOrientationLandscapeRight";
				INFOPLIST_KEY_UISupportedInterfaceOrientations_iPhone = "UIInterfaceOrientationPortrait UIInterfaceOrientationLandscapeLeft UIInterfaceOrientationLandscapeRight";
				LD_RUNPATH_SEARCH_PATHS = (
					"$(inherited)",
					"@executable_path/Frameworks",
				);
				MARKETING_VERSION = 1.0;
				PRODUCT_BUNDLE_IDENTIFIER = "com.example.nrassie.Who-Is-The-Best";
				PRODUCT_NAME = "$(TARGET_NAME)";
				SWIFT_EMIT_LOC_STRINGS = YES;
				SWIFT_VERSION = 5.0;
				TARGETED_DEVICE_FAMILY = "1,2";
			};
			name = Release;
		};
		D8C9C2FA2BAC4E0000DA36CE /* Debug */ = {
			isa = XCBuildConfiguration;
			buildSettings = {
				ALWAYS_EMBED_SWIFT_STANDARD_LIBRARIES = YES;
				BUNDLE_LOADER = "$(TEST_HOST)";
				CODE_SIGN_STYLE = Automatic;
				CURRENT_PROJECT_VERSION = 1;
				DEVELOPMENT_TEAM = C37ZU3T6SG;
				GENERATE_INFOPLIST_FILE = YES;
				IPHONEOS_DEPLOYMENT_TARGET = 17.4;
				MARKETING_VERSION = 1.0;
				PRODUCT_BUNDLE_IDENTIFIER = "com.example.nrassie.Who-Is-The-BestTests";
				PRODUCT_NAME = "$(TARGET_NAME)";
				SWIFT_EMIT_LOC_STRINGS = NO;
				SWIFT_VERSION = 5.0;
				TARGETED_DEVICE_FAMILY = "1,2";
				TEST_HOST = "$(BUILT_PRODUCTS_DIR)/Who Is The Best.app/$(BUNDLE_EXECUTABLE_FOLDER_PATH)/Who Is The Best";
			};
			name = Debug;
		};
		D8C9C2FB2BAC4E0000DA36CE /* Release */ = {
			isa = XCBuildConfiguration;
			buildSettings = {
				ALWAYS_EMBED_SWIFT_STANDARD_LIBRARIES = YES;
				BUNDLE_LOADER = "$(TEST_HOST)";
				CODE_SIGN_STYLE = Automatic;
				CURRENT_PROJECT_VERSION = 1;
				DEVELOPMENT_TEAM = C37ZU3T6SG;
				GENERATE_INFOPLIST_FILE = YES;
				IPHONEOS_DEPLOYMENT_TARGET = 17.4;
				MARKETING_VERSION = 1.0;
				PRODUCT_BUNDLE_IDENTIFIER = "com.example.nrassie.Who-Is-The-BestTests";
				PRODUCT_NAME = "$(TARGET_NAME)";
				SWIFT_EMIT_LOC_STRINGS = NO;
				SWIFT_VERSION = 5.0;
				TARGETED_DEVICE_FAMILY = "1,2";
				TEST_HOST = "$(BUILT_PRODUCTS_DIR)/Who Is The Best.app/$(BUNDLE_EXECUTABLE_FOLDER_PATH)/Who Is The Best";
			};
			name = Release;
		};
		D8C9C2FD2BAC4E0000DA36CE /* Debug */ = {
			isa = XCBuildConfiguration;
			buildSettings = {
				ALWAYS_EMBED_SWIFT_STANDARD_LIBRARIES = YES;
				CODE_SIGN_STYLE = Automatic;
				CURRENT_PROJECT_VERSION = 1;
				DEVELOPMENT_TEAM = C37ZU3T6SG;
				GENERATE_INFOPLIST_FILE = YES;
				MARKETING_VERSION = 1.0;
				PRODUCT_BUNDLE_IDENTIFIER = "com.example.nrassie.Who-Is-The-BestUITests";
				PRODUCT_NAME = "$(TARGET_NAME)";
				SWIFT_EMIT_LOC_STRINGS = NO;
				SWIFT_VERSION = 5.0;
				TARGETED_DEVICE_FAMILY = "1,2";
				TEST_TARGET_NAME = "Who Is The Best";
			};
			name = Debug;
		};
		D8C9C2FE2BAC4E0000DA36CE /* Release */ = {
			isa = XCBuildConfiguration;
			buildSettings = {
				ALWAYS_EMBED_SWIFT_STANDARD_LIBRARIES = YES;
				CODE_SIGN_STYLE = Automatic;
				CURRENT_PROJECT_VERSION = 1;
				DEVELOPMENT_TEAM = C37ZU3T6SG;
				GENERATE_INFOPLIST_FILE = YES;
				MARKETING_VERSION = 1.0;
				PRODUCT_BUNDLE_IDENTIFIER = "com.example.nrassie.Who-Is-The-BestUITests";
				PRODUCT_NAME = "$(TARGET_NAME)";
				SWIFT_EMIT_LOC_STRINGS = NO;
				SWIFT_VERSION = 5.0;
				TARGETED_DEVICE_FAMILY = "1,2";
				TEST_TARGET_NAME = "Who Is The Best";
			};
			name = Release;
		};
/* End XCBuildConfiguration section */

/* Begin XCConfigurationList section */
		D8C9C2CB2BAC4DFF00DA36CE /* Build configuration list for PBXProject "Who Is The Best" */ = {
			isa = XCConfigurationList;
			buildConfigurations = (
				D8C9C2F42BAC4E0000DA36CE /* Debug */,
				D8C9C2F52BAC4E0000DA36CE /* Release */,
			);
			defaultConfigurationIsVisible = 0;
			defaultConfigurationName = Release;
		};
		D8C9C2F62BAC4E0000DA36CE /* Build configuration list for PBXNativeTarget "Who Is The Best" */ = {
			isa = XCConfigurationList;
			buildConfigurations = (
				D8C9C2F72BAC4E0000DA36CE /* Debug */,
				D8C9C2F82BAC4E0000DA36CE /* Release */,
			);
			defaultConfigurationIsVisible = 0;
			defaultConfigurationName = Release;
		};
		D8C9C2F92BAC4E0000DA36CE /* Build configuration list for PBXNativeTarget "Who Is The BestTests" */ = {
			isa = XCConfigurationList;
			buildConfigurations = (
				D8C9C2FA2BAC4E0000DA36CE /* Debug */,
				D8C9C2FB2BAC4E0000DA36CE /* Release */,
			);
			defaultConfigurationIsVisible = 0;
			defaultConfigurationName = Release;
		};
		D8C9C2FC2BAC4E0000DA36CE /* Build configuration list for PBXNativeTarget "Who Is The BestUITests" */ = {
			isa = XCConfigurationList;
			buildConfigurations = (
				D8C9C2FD2BAC4E0000DA36CE /* Debug */,
				D8C9C2FE2BAC4E0000DA36CE /* Release */,
			);
			defaultConfigurationIsVisible = 0;
			defaultConfigurationName = Release;
		};
/* End XCConfigurationList section */
	};
	rootObject = D8C9C2C82BAC4DFF00DA36CE /* Project object */;
}
